
Microsoft Visual Studio Solution File, Format Version 12.00
# Visual Studio Version 16
VisualStudioVersion = 16.0.32228.343
MinimumVisualStudioVersion = 10.0.40219.1
Project("{FAE04EC0-301F-11D3-BF4B-00C04F79EFBC}") = "WinFormsApp1", "WinFormsApp1\WinFormsApp1.csproj", "{B4E2D6A8-1E1C-40DA-89A1-60F0936EBE65}"
EndProject
Global
	GlobalSection(SolutionConfigurationPlatforms) = preSolution
		Debug|Any CPU = Debug|Any CPU
		Release|Any CPU = Release|Any CPU
	EndGlobalSection
	GlobalSection(ProjectConfigurationPlatforms) = postSolution
		{B4E2D6A8-1E1C-40DA-89A1-60F0936EBE65}.Debug|Any CPU.ActiveCfg = Debug|Any CPU
		{B4E2D6A8-1E1C-40DA-89A1-60F0936EBE65}.Debug|Any CPU.Build.0 = Debug|Any CPU
		{B4E2D6A8-1E1C-40DA-89A1-60F0936EBE65}.Release|Any CPU.ActiveCfg = Release|Any CPU
		{B4E2D6A8-1E1C-40DA-89A1-60F0936EBE65}.Release|Any CPU.Build.0 = Release|Any CPU
	EndGlobalSection
	GlobalSection(SolutionProperties) = preSolution
		HideSolutionNode = FALSE
	EndGlobalSection
	GlobalSection(ExtensibilityGlobals) = postSolution
		SolutionGuid = {8A86AA58-BECF-4006-A784-49190E38C063}
	EndGlobalSection
EndGlobal
